{
  "lockfileVersion": 1,
  "workspaces": {
    "": {
      "name": "js",
      "dependencies": {
        "@ai-sdk/anthropic": "^2.0.0-alpha.2",
        "@flystorage/file-storage": "^1.1.0",
        "@flystorage/local-fs": "^1.1.0",
        "ai": "^5.0.0-alpha.2",
        "ulid": "3.0.0",
        "zod": "^3.25.0-beta.20250518T002810",
      },
      "devDependencies": {
        "@tsconfig/bun": "^1.0.7",
        "@types/bun": "latest",
      },
      "peerDependencies": {
        "typescript": "5",
      },
    },
  },
  "packages": {
    "@ai-sdk/anthropic": ["@ai-sdk/anthropic@2.0.0-alpha.2", "", { "dependencies": { "@ai-sdk/provider": "2.0.0-alpha.2", "@ai-sdk/provider-utils": "3.0.0-alpha.2" }, "peerDependencies": { "zod": "^3.24.0" } }, "sha512-ynD9RHZBAoLKUh8wqmS0EROSZQGSYZkVoF5Y0ZgMQfyVkeDXTl3PCXfc0jqwBTjNk6OOHza6BD5hCZDSjh0Sqg=="],

    "@ai-sdk/provider": ["@ai-sdk/provider@2.0.0-alpha.2", "", { "dependencies": { "json-schema": "^0.4.0" } }, "sha512-jgRpHhpKmXnUEp41xUZyqJ8VPF9gS6W7SP2iYRaM9jaq66edcg6gTYOJLqM+nSU2tXYfkzfoBGGRvtl9ijH/VQ=="],

    "@ai-sdk/provider-utils": ["@ai-sdk/provider-utils@3.0.0-alpha.2", "", { "dependencies": { "@ai-sdk/provider": "2.0.0-alpha.2", "@standard-schema/spec": "^1.0.0", "zod-to-json-schema": "^3.24.1" }, "peerDependencies": { "zod": "^3.23.8" } }, "sha512-oTlF6UlVitSdVPQv0e+kAkZmbuunJAUYdVEh7ZRvoti+kY/T4vOT6p22X0xTaWgl0+MI1igAT+c83j7tCMuo2w=="],

    "@flystorage/dynamic-import": ["@flystorage/dynamic-import@1.0.0", "", {}, "sha512-CIbIUrBdaPFyKnkVBaqzksvzNtsMSXITR/G/6zlil3MBnPFq2LX+X4Mv5p2XOmv/3OulFs/ff2SNb+5dc2Twtg=="],

    "@flystorage/file-storage": ["@flystorage/file-storage@1.1.0", "", {}, "sha512-25Gd5EsXDmhHrK5orpRuVqebQms1Cm9m5ACMZ0sVDX+Sbl1V0G88CbcWt7mEoWRYLvQ1U072htqg6Sav76ZlVA=="],

    "@flystorage/local-fs": ["@flystorage/local-fs@1.1.0", "", { "dependencies": { "@flystorage/dynamic-import": "^1.0.0", "@flystorage/file-storage": "^1.1.0", "file-type": "^20.5.0", "mime-types": "^3.0.1" } }, "sha512-dbErRhqmCv2UF0zPdeH7iVWuVeTWAJHuJD/mXDe2V370/SL7XIvdE3ditBHWC+1SzBKXJ0lkykOenwlum+oqIA=="],

    "@opentelemetry/api": ["@opentelemetry/api@1.9.0", "", {}, "sha512-3giAOQvZiH5F9bMlMiv8+GSPMeqg0dbaeo58/0SlA9sxSqZhnUtxzX9/2FzyhS9sWQf5S0GJE0AKBrFqjpeYcg=="],

    "@standard-schema/spec": ["@standard-schema/spec@1.0.0", "", {}, "sha512-m2bOd0f2RT9k8QJx1JN85cZYyH1RqFBdlwtkSlf4tBDYLCiiZnv1fIIwacK6cqwXavOydf0NPToMQgpKq+dVlA=="],

    "@tokenizer/inflate": ["@tokenizer/inflate@0.2.7", "", { "dependencies": { "debug": "^4.4.0", "fflate": "^0.8.2", "token-types": "^6.0.0" } }, "sha512-MADQgmZT1eKjp06jpI2yozxaU9uVs4GzzgSL+uEq7bVcJ9V1ZXQkeGNql1fsSI0gMy1vhvNTNbUqrx+pZfJVmg=="],

    "@tokenizer/token": ["@tokenizer/token@0.3.0", "", {}, "sha512-OvjF+z51L3ov0OyAU0duzsYuvO01PH7x4t6DJx+guahgTnBHkhJdG7soQeTSFLWN3efnHyibZ4Z8l2EuWwJN3A=="],

    "@tsconfig/bun": ["@tsconfig/bun@1.0.7", "", {}, "sha512-udGrGJBNQdXGVulehc1aWT73wkR9wdaGBtB6yL70RJsqwW/yJhIg6ZbRlPOfIUiFNrnBuYLBi9CSmMKfDC7dvA=="],

    "@types/bun": ["@types/bun@1.2.13", "", { "dependencies": { "bun-types": "1.2.13" } }, "sha512-u6vXep/i9VBxoJl3GjZsl/BFIsvML8DfVDO0RYLEwtSZSp981kEO1V5NwRcO1CPJ7AmvpbnDCiMKo3JvbDEjAg=="],

    "@types/node": ["@types/node@22.15.18", "", { "dependencies": { "undici-types": "~6.21.0" } }, "sha512-v1DKRfUdyW+jJhZNEI1PYy29S2YRxMV5AOO/x/SjKmW0acCIOqmbj6Haf9eHAhsPmrhlHSxEhv/1WszcLWV4cg=="],

    "ai": ["ai@5.0.0-alpha.2", "", { "dependencies": { "@ai-sdk/provider": "2.0.0-alpha.2", "@ai-sdk/provider-utils": "3.0.0-alpha.2", "@opentelemetry/api": "1.9.0" }, "peerDependencies": { "zod": "^3.23.8" } }, "sha512-42asUyoFcqjV5AoZezJPawODCPT5Rb1y/UipVlcXn1tpqlypCchSEukjNw/l09YPVucqCbW19IVqojLttkTTVA=="],

    "bun-types": ["bun-types@1.2.13", "", { "dependencies": { "@types/node": "*" } }, "sha512-rRjA1T6n7wto4gxhAO/ErZEtOXyEZEmnIHQfl0Dt1QQSB4QV0iP6BZ9/YB5fZaHFQ2dwHFrmPaRQ9GGMX01k9Q=="],

    "debug": ["debug@4.4.1", "", { "dependencies": { "ms": "^2.1.3" } }, "sha512-KcKCqiftBJcZr++7ykoDIEwSa3XWowTfNPo92BYxjXiyYEVrUQh2aLyhxBCwww+heortUFxEJYcRzosstTEBYQ=="],

    "fflate": ["fflate@0.8.2", "", {}, "sha512-cPJU47OaAoCbg0pBvzsgpTPhmhqI5eJjh/JIu8tPj5q+T7iLvW/JAYUqmE7KOB4R1ZyEhzBaIQpQpardBF5z8A=="],

    "file-type": ["file-type@20.5.0", "", { "dependencies": { "@tokenizer/inflate": "^0.2.6", "strtok3": "^10.2.0", "token-types": "^6.0.0", "uint8array-extras": "^1.4.0" } }, "sha512-BfHZtG/l9iMm4Ecianu7P8HRD2tBHLtjXinm4X62XBOYzi7CYA7jyqfJzOvXHqzVrVPYqBo2/GvbARMaaJkKVg=="],

    "ieee754": ["ieee754@1.2.1", "", {}, "sha512-dcyqhDvX1C46lXZcVqCpK+FtMRQVdIMN6/Df5js2zouUsqG7I6sFxitIC+7KYK29KdXOLHdu9zL4sFnoVQnqaA=="],

    "json-schema": ["json-schema@0.4.0", "", {}, "sha512-es94M3nTIfsEPisRafak+HDLfHXnKBhV3vU5eqPcS3flIWqcxJWgXHXiey3YrpaNsanY5ei1VoYEbOzijuq9BA=="],

    "mime-db": ["mime-db@1.54.0", "", {}, "sha512-aU5EJuIN2WDemCcAp2vFBfp/m4EAhWJnUNSSw0ixs7/kXbd6Pg64EmwJkNdFhB8aWt1sH2CTXrLxo/iAGV3oPQ=="],

    "mime-types": ["mime-types@3.0.1", "", { "dependencies": { "mime-db": "^1.54.0" } }, "sha512-xRc4oEhT6eaBpU1XF7AjpOFD+xQmXNB5OVKwp4tqCuBpHLS/ZbBDrc07mYTDqVMg6PfxUjjNp85O6Cd2Z/5HWA=="],

    "ms": ["ms@2.1.3", "", {}, "sha512-6FlzubTLZG3J2a/NVCAleEhjzq5oxgHyaCU9yYXvcLsvoVaHJq/s5xXI6/XXP6tz7R9xAOtHnSO/tXtF3WRTlA=="],

    "peek-readable": ["peek-readable@7.0.0", "", {}, "sha512-nri2TO5JE3/mRryik9LlHFT53cgHfRK0Lt0BAZQXku/AW3E6XLt2GaY8siWi7dvW/m1z0ecn+J+bpDa9ZN3IsQ=="],

    "strtok3": ["strtok3@10.2.2", "", { "dependencies": { "@tokenizer/token": "^0.3.0", "peek-readable": "^7.0.0" } }, "sha512-Xt18+h4s7Z8xyZ0tmBoRmzxcop97R4BAh+dXouUDCYn+Em+1P3qpkUfI5ueWLT8ynC5hZ+q4iPEmGG1urvQGBg=="],

    "token-types": ["token-types@6.0.0", "", { "dependencies": { "@tokenizer/token": "^0.3.0", "ieee754": "^1.2.1" } }, "sha512-lbDrTLVsHhOMljPscd0yitpozq7Ga2M5Cvez5AjGg8GASBjtt6iERCAJ93yommPmz62fb45oFIXHEZ3u9bfJEA=="],

    "typescript": ["typescript@5.8.3", "", { "bin": { "tsc": "bin/tsc", "tsserver": "bin/tsserver" } }, "sha512-p1diW6TqL9L07nNxvRMM7hMMw4c5XOo/1ibL4aAIGmSAt9slTE1Xgw5KWuof2uTOvCg9BY7ZRi+GaF+7sfgPeQ=="],

    "uint8array-extras": ["uint8array-extras@1.4.0", "", {}, "sha512-ZPtzy0hu4cZjv3z5NW9gfKnNLjoz4y6uv4HlelAjDK7sY/xOkKZv9xK/WQpcsBB3jEybChz9DPC2U/+cusjJVQ=="],

    "ulid": ["ulid@3.0.0", "", { "bin": { "ulid": "dist/cli.js" } }, "sha512-yvZYdXInnJve6LdlPIuYmURdS2NP41ZoF4QW7SXwbUKYt53+0eDAySO+rGSvM2O/ciuB/G+8N7GQrZ1mCJpuqw=="],

    "undici-types": ["undici-types@6.21.0", "", {}, "sha512-iwDZqg0QAGrg9Rav5H4n0M64c3mkR59cJ6wQp+7C4nI0gsmExaedaYLNO44eT4AtBBwjbTiGPMlt2Md0T9H9JQ=="],

    "zod": ["zod@3.25.0-beta.20250518T002810", "", {}, "sha512-3/aIqMbUXG9EjTelJkDcWd+izJP5MxFgQEMSYI8n41pwYhRDYYxy2dnbkgfNcnLbFZ9uByZn9XXqHTh05QHqSQ=="],

    "zod-to-json-schema": ["zod-to-json-schema@3.24.5", "", { "peerDependencies": { "zod": "^3.24.1" } }, "sha512-/AuWwMP+YqiPbsJx5D6TfgRTc4kTLjsh5SOcd4bLsfUg2RcEXrFMJl1DGgdHy2aCfsIA/cr/1JM0xcB2GZji8g=="],
  }
}
